
Microsoft Visual Studio Solution File, Format Version 12.00
# Visual Studio Version 17
VisualStudioVersion = 17.14.36511.14 d17.14
MinimumVisualStudioVersion = 10.0.40219.1
Project("{FAE04EC0-301F-11D3-BF4B-00C04F79EFBC}") = "AlgoPrac", "AlgoPrac.csproj", "{823475C2-4E1D-4736-81F1-417B6C28EDE1}"
EndProject
Global
	GlobalSection(SolutionConfigurationPlatforms) = preSolution
		Debug|Any CPU = Debug|Any CPU
		Release|Any CPU = Release|Any CPU
	EndGlobalSection
	GlobalSection(ProjectConfigurationPlatforms) = postSolution
		{823475C2-4E1D-4736-81F1-417B6C28EDE1}.Debug|Any CPU.ActiveCfg = Debug|Any CPU
		{823475C2-4E1D-4736-81F1-417B6C28EDE1}.Debug|Any CPU.Build.0 = Debug|Any CPU
		{823475C2-4E1D-4736-81F1-417B6C28EDE1}.Release|Any CPU.ActiveCfg = Release|Any CPU
		{823475C2-4E1D-4736-81F1-417B6C28EDE1}.Release|Any CPU.Build.0 = Release|Any CPU
	EndGlobalSection
	GlobalSection(SolutionProperties) = preSolution
		HideSolutionNode = FALSE
	EndGlobalSection
	GlobalSection(ExtensibilityGlobals) = postSolution
		SolutionGuid = {3F769DC8-5989-4577-88CB-8D61C536A13C}
	EndGlobalSection
EndGlobal
